// !$*UTF8*$!
{
	archiveVersion = 1;
	classes = {
	};
	objectVersion = 50;
	objects = {

/* Begin PBXBuildFile section */
		3C8907DF267F160188161206 /* Pods_PagingKitTutorial.framework in Frameworks */ = {isa = PBXBuildFile; fileRef = 0D0AF820BAA73617BE03E2E1 /* Pods_PagingKitTutorial.framework */; };
		F81FEA3C25C3E68D00633479 /* AppDelegate.swift in Sources */ = {isa = PBXBuildFile; fileRef = F81FEA3B25C3E68D00633479 /* AppDelegate.swift */; };
		F81FEA3E25C3E68D00633479 /* SceneDelegate.swift in Sources */ = {isa = PBXBuildFile; fileRef = F81FEA3D25C3E68D00633479 /* SceneDelegate.swift */; };
		F81FEA4025C3E68D00633479 /* ViewController.swift in Sources */ = {isa = PBXBuildFile; fileRef = F81FEA3F25C3E68D00633479 /* ViewController.swift */; };
		F81FEA4325C3E68D00633479 /* Main.storyboard in Resources */ = {isa = PBXBuildFile; fileRef = F81FEA4125C3E68D00633479 /* Main.storyboard */; };
		F81FEA4525C3E68E00633479 /* Assets.xcassets in Resources */ = {isa = PBXBuildFile; fileRef = F81FEA4425C3E68E00633479 /* Assets.xcassets */; };
		F81FEA4825C3E68E00633479 /* LaunchScreen.storyboard in Resources */ = {isa = PBXBuildFile; fileRef = F81FEA4625C3E68E00633479 /* LaunchScreen.storyboard */; };
/* End PBXBuildFile section */

/* Begin PBXFileReference section */
		0D0AF820BAA73617BE03E2E1 /* Pods_PagingKitTutorial.framework */ = {isa = PBXFileReference; explicitFileType = wrapper.framework; includeInIndex = 0; path = Pods_PagingKitTutorial.framework; sourceTree = BUILT_PRODUCTS_DIR; };
		3C86B8D7C2E4FEA023311BFD /* Pods-PagingKitTutorial.debug.xcconfig */ = {isa = PBXFileReference; includeInIndex = 1; lastKnownFileType = text.xcconfig; name = "Pods-PagingKitTutorial.debug.xcconfig"; path = "Target Support Files/Pods-PagingKitTutorial/Pods-PagingKitTutorial.debug.xcconfig"; sourceTree = "<group>"; };
		5A283900387E3112DA910126 /* Pods-PagingKitTutorial.release.xcconfig */ = {isa = PBXFileReference; includeInIndex = 1; lastKnownFileType = text.xcconfig; name = "Pods-PagingKitTutorial.release.xcconfig"; path = "Target Support Files/Pods-PagingKitTutorial/Pods-PagingKitTutorial.release.xcconfig"; sourceTree = "<group>"; };
		F81FEA3825C3E68D00633479 /* PagingKitTutorial.app */ = {isa = PBXFileReference; explicitFileType = wrapper.application; includeInIndex = 0; path = PagingKitTutorial.app; sourceTree = BUILT_PRODUCTS_DIR; };
		F81FEA3B25C3E68D00633479 /* AppDelegate.swift */ = {isa = PBXFileReference; lastKnownFileType = sourcecode.swift; path = AppDelegate.swift; sourceTree = "<group>"; };
		F81FEA3D25C3E68D00633479 /* SceneDelegate.swift */ = {isa = PBXFileReference; lastKnownFileType = sourcecode.swift; path = SceneDelegate.swift; sourceTree = "<group>"; };
		F81FEA3F25C3E68D00633479 /* ViewController.swift */ = {isa = PBXFileReference; lastKnownFileType = sourcecode.swift; path = ViewController.swift; sourceTree = "<group>"; };
		F81FEA4225C3E68D00633479 /* Base */ = {isa = PBXFileReference; lastKnownFileType = file.storyboard; name = Base; path = Base.lproj/Main.storyboard; sourceTree = "<group>"; };
		F81FEA4425C3E68E00633479 /* Assets.xcassets */ = {isa = PBXFileReference; lastKnownFileType = folder.assetcatalog; path = Assets.xcassets; sourceTree = "<group>"; };
		F81FEA4725C3E68E00633479 /* Base */ = {isa = PBXFileReference; lastKnownFileType = file.storyboard; name = Base; path = Base.lproj/LaunchScreen.storyboard; sourceTree = "<group>"; };
		F81FEA4925C3E68E00633479 /* Info.plist */ = {isa = PBXFileReference; lastKnownFileType = text.plist.xml; path = Info.plist; sourceTree = "<group>"; };
/* End PBXFileReference section */

/* Begin PBXFrameworksBuildPhase section */
		F81FEA3525C3E68D00633479 /* Frameworks */ = {
			isa = PBXFrameworksBuildPhase;
			buildActionMask = 2147483647;
			files = (
				3C8907DF267F160188161206 /* Pods_PagingKitTutorial.framework in Frameworks */,
			);
			runOnlyForDeploymentPostprocessing = 0;
		};
/* End PBXFrameworksBuildPhase section */

/* Begin PBXGroup section */
		42D83CFDA7CC83280D68CF95 /* Pods */ = {
			isa = PBXGroup;
			children = (
				3C86B8D7C2E4FEA023311BFD /* Pods-PagingKitTutorial.debug.xcconfig */,
				5A283900387E3112DA910126 /* Pods-PagingKitTutorial.release.xcconfig */,
			);
			name = Pods;
			path = Pods;
			sourceTree = "<group>";
		};
		F81FEA2F25C3E68D00633479 = {
			isa = PBXGroup;
			children = (
				F81FEA3A25C3E68D00633479 /* PagingKitTutorial */,
				F81FEA3925C3E68D00633479 /* Products */,
				42D83CFDA7CC83280D68CF95 /* Pods */,
				F96F90DA97584F1C429417A4 /* Frameworks */,
			);
			sourceTree = "<group>";
		};
		F81FEA3925C3E68D00633479 /* Products */ = {
			isa = PBXGroup;
			children = (
				F81FEA3825C3E68D00633479 /* PagingKitTutorial.app */,
			);
			name = Products;
			sourceTree = "<group>";
		};
		F81FEA3A25C3E68D00633479 /* PagingKitTutorial */ = {
			isa = PBXGroup;
			children = (
				F81FEA3B25C3E68D00633479 /* AppDelegate.swift */,
				F81FEA3D25C3E68D00633479 /* SceneDelegate.swift */,
				F81FEA3F25C3E68D00633479 /* ViewController.swift */,
				F81FEA4125C3E68D00633479 /* Main.storyboard */,
				F81FEA4425C3E68E00633479 /* Assets.xcassets */,
				F81FEA4625C3E68E00633479 /* LaunchScreen.storyboard */,
				F81FEA4925C3E68E00633479 /* Info.plist */,
			);
			path = PagingKitTutorial;
			sourceTree = "<group>";
		};
		F96F90DA97584F1C429417A4 /* Frameworks */ = {
			isa = PBXGroup;
			children = (
				0D0AF820BAA73617BE03E2E1 /* Pods_PagingKitTutorial.framework */,
			);
			name = Frameworks;
			sourceTree = "<group>";
		};
/* End PBXGroup section */

/* Begin PBXNativeTarget section */
		F81FEA3725C3E68D00633479 /* PagingKitTutorial */ = {
			isa = PBXNativeTarget;
			buildConfigurationList = F81FEA4C25C3E68E00633479 /* Build configuration list for PBXNativeTarget "PagingKitTutorial" */;
			buildPhases = (
				17E260451595DCB0B4347B59 /* [CP] Check Pods Manifest.lock */,
				F81FEA3425C3E68D00633479 /* Sources */,
				F81FEA3525C3E68D00633479 /* Frameworks */,
				F81FEA3625C3E68D00633479 /* Resources */,
				732F392DB8802094EDDFB6C2 /* [CP] Embed Pods Frameworks */,
			);
			buildRules = (
			);
			dependencies = (
			);
			name = PagingKitTutorial;
			productName = PagingKitTutorial;
			productReference = F81FEA3825C3E68D00633479 /* PagingKitTutorial.app */;
			productType = "com.apple.product-type.application";
		};
/* End PBXNativeTarget section */

/* Begin PBXProject section */
		F81FEA3025C3E68D00633479 /* Project object */ = {
			isa = PBXProject;
			attributes = {
				LastSwiftUpdateCheck = 1240;
				LastUpgradeCheck = 1240;
				TargetAttributes = {
					F81FEA3725C3E68D00633479 = {
						CreatedOnToolsVersion = 12.4;
					};
				};
			};
			buildConfigurationList = F81FEA3325C3E68D00633479 /* Build configuration list for PBXProject "PagingKitTutorial" */;
			compatibilityVersion = "Xcode 9.3";
			developmentRegion = en;
			hasScannedForEncodings = 0;
			knownRegions = (
				en,
				Base,
			);
			mainGroup = F81FEA2F25C3E68D00633479;
			productRefGroup = F81FEA3925C3E68D00633479 /* Products */;
			projectDirPath = "";
			projectRoot = "";
			targets = (
				F81FEA3725C3E68D00633479 /* PagingKitTutorial */,
			);
		};
/* End PBXProject section */

/* Begin PBXResourcesBuildPhase section */
		F81FEA3625C3E68D00633479 /* Resources */ = {
			isa = PBXResourcesBuildPhase;
			buildActionMask = 2147483647;
			files = (
				F81FEA4825C3E68E00633479 /* LaunchScreen.storyboard in Resources */,
				F81FEA4525C3E68E00633479 /* Assets.xcassets in Resources */,
				F81FEA4325C3E68D00633479 /* Main.storyboard in Resources */,
			);
			runOnlyForDeploymentPostprocessing = 0;
		};
/* End PBXResourcesBuildPhase section */

/* Begin PBXShellScriptBuildPhase section */
		17E260451595DCB0B4347B59 /* [CP] Check Pods Manifest.lock */ = {
			isa = PBXShellScriptBuildPhase;
			buildActionMask = 2147483647;
			files = (
			);
			inputFileListPaths = (
			);
			inputPaths = (
				"${PODS_PODFILE_DIR_PATH}/Podfile.lock",
				"${PODS_ROOT}/Manifest.lock",
			);
			name = "[CP] Check Pods Manifest.lock";
			outputFileListPaths = (
			);
			outputPaths = (
				"$(DERIVED_FILE_DIR)/Pods-PagingKitTutorial-checkManifestLockResult.txt",
			);
			runOnlyForDeploymentPostprocessing = 0;
			shellPath = /bin/sh;
			shellScript = "diff \"${PODS_PODFILE_DIR_PATH}/Podfile.lock\" \"${PODS_ROOT}/Manifest.lock\" > /dev/null\nif [ $? != 0 ] ; then\n    # print error to STDERR\n    echo \"error: The sandbox is not in sync with the Podfile.lock. Run 'pod install' or update your CocoaPods installation.\" >&2\n    exit 1\nfi\n# This output is used by Xcode 'outputs' to avoid re-running this script phase.\necho \"SUCCESS\" > \"${SCRIPT_OUTPUT_FILE_0}\"\n";
			showEnvVarsInLog = 0;
		};
		732F392DB8802094EDDFB6C2 /* [CP] Embed Pods Frameworks */ = {
			isa = PBXShellScriptBuildPhase;
			buildActionMask = 2147483647;
			files = (
			);
			inputFileListPaths = (
				"${PODS_ROOT}/Target Support Files/Pods-PagingKitTutorial/Pods-PagingKitTutorial-frameworks-${CONFIGURATION}-input-files.xcfilelist",
			);
			name = "[CP] Embed Pods Frameworks";
			outputFileListPaths = (
				"${PODS_ROOT}/Target Support Files/Pods-PagingKitTutorial/Pods-PagingKitTutorial-frameworks-${CONFIGURATION}-output-files.xcfilelist",
			);
			runOnlyForDeploymentPostprocessing = 0;
			shellPath = /bin/sh;
			shellScript = "\"${PODS_ROOT}/Target Support Files/Pods-PagingKitTutorial/Pods-PagingKitTutorial-frameworks.sh\"\n";
			showEnvVarsInLog = 0;
		};
/* End PBXShellScriptBuildPhase section */

/* Begin PBXSourcesBuildPhase section */
		F81FEA3425C3E68D00633479 /* Sources */ = {
			isa = PBXSourcesBuildPhase;
			buildActionMask = 2147483647;
			files = (
				F81FEA4025C3E68D00633479 /* ViewController.swift in Sources */,
				F81FEA3C25C3E68D00633479 /* AppDelegate.swift in Sources */,
				F81FEA3E25C3E68D00633479 /* SceneDelegate.swift in Sources */,
			);
			runOnlyForDeploymentPostprocessing = 0;
		};
/* End PBXSourcesBuildPhase section */

/* Begin PBXVariantGroup section */
		F81FEA4125C3E68D00633479 /* Main.storyboard */ = {
			isa = PBXVariantGroup;
			children = (
				F81FEA4225C3E68D00633479 /* Base */,
			);
			name = Main.storyboard;
			sourceTree = "<group>";
		};
		F81FEA4625C3E68E00633479 /* LaunchScreen.storyboard */ = {
			isa = PBXVariantGroup;
			children = (
				F81FEA4725C3E68E00633479 /* Base */,
			);
			name = LaunchScreen.storyboard;
			sourceTree = "<group>";
		};
/* End PBXVariantGroup section */

/* Begin XCBuildConfiguration section */
		F81FEA4A25C3E68E00633479 /* Debug */ = {
			isa = XCBuildConfiguration;
			buildSettings = {
				ALWAYS_SEARCH_USER_PATHS = NO;
				CLANG_ANALYZER_NONNULL = YES;
				CLANG_ANALYZER_NUMBER_OBJECT_CONVERSION = YES_AGGRESSIVE;
				CLANG_CXX_LANGUAGE_STANDARD = "gnu++14";
				CLANG_CXX_LIBRARY = "libc++";
				CLANG_ENABLE_MODULES = YES;
				CLANG_ENABLE_OBJC_ARC = YES;
				CLANG_ENABLE_OBJC_WEAK = YES;
				CLANG_WARN_BLOCK_CAPTURE_AUTORELEASING = YES;
				CLANG_WARN_BOOL_CONVERSION = YES;
				CLANG_WARN_COMMA = YES;
				CLANG_WARN_CONSTANT_CONVERSION = YES;
				CLANG_WARN_DEPRECATED_OBJC_IMPLEMENTATIONS = YES;
				CLANG_WARN_DIRECT_OBJC_ISA_USAGE = YES_ERROR;
				CLANG_WARN_DOCUMENTATION_COMMENTS = YES;
				CLANG_WARN_EMPTY_BODY = YES;
				CLANG_WARN_ENUM_CONVERSION = YES;
				CLANG_WARN_INFINITE_RECURSION = YES;
				CLANG_WARN_INT_CONVERSION = YES;
				CLANG_WARN_NON_LITERAL_NULL_CONVERSION = YES;
				CLANG_WARN_OBJC_IMPLICIT_RETAIN_SELF = YES;
				CLANG_WARN_OBJC_LITERAL_CONVERSION = YES;
				CLANG_WARN_OBJC_ROOT_CLASS = YES_ERROR;
				CLANG_WARN_QUOTED_INCLUDE_IN_FRAMEWORK_HEADER = YES;
				CLANG_WARN_RANGE_LOOP_ANALYSIS = YES;
				CLANG_WARN_STRICT_PROTOTYPES = YES;
				CLANG_WARN_SUSPICIOUS_MOVE = YES;
				CLANG_WARN_UNGUARDED_AVAILABILITY = YES_AGGRESSIVE;
				CLANG_WARN_UNREACHABLE_CODE = YES;
				CLANG_WARN__DUPLICATE_METHOD_MATCH = YES;
				COPY_PHASE_STRIP = NO;
				DEBUG_INFORMATION_FORMAT = dwarf;
				ENABLE_STRICT_OBJC_MSGSEND = YES;
				ENABLE_TESTABILITY = YES;
				GCC_C_LANGUAGE_STANDARD = gnu11;
				GCC_DYNAMIC_NO_PIC = NO;
				GCC_NO_COMMON_BLOCKS = YES;
				GCC_OPTIMIZATION_LEVEL = 0;
				GCC_PREPROCESSOR_DEFINITIONS = (
					"DEBUG=1",
					"$(inherited)",
				);
				GCC_WARN_64_TO_32_BIT_CONVERSION = YES;
				GCC_WARN_ABOUT_RETURN_TYPE = YES_ERROR;
				GCC_WARN_UNDECLARED_SELECTOR = YES;
				GCC_WARN_UNINITIALIZED_AUTOS = YES_AGGRESSIVE;
				GCC_WARN_UNUSED_FUNCTION = YES;
				GCC_WARN_UNUSED_VARIABLE = YES;
				IPHONEOS_DEPLOYMENT_TARGET = 14.4;
				MTL_ENABLE_DEBUG_INFO = INCLUDE_SOURCE;
				MTL_FAST_MATH = YES;
				ONLY_ACTIVE_ARCH = YES;
				SDKROOT = iphoneos;
				SWIFT_ACTIVE_COMPILATION_CONDITIONS = DEBUG;
				SWIFT_OPTIMIZATION_LEVEL = "-Onone";
			};
			name = Debug;
		};
		F81FEA4B25C3E68E00633479 /* Release */ = {
			isa = XCBuildConfiguration;
			buildSettings = {
				ALWAYS_SEARCH_USER_PATHS = NO;
				CLANG_ANALYZER_NONNULL = YES;
				CLANG_ANALYZER_NUMBER_OBJECT_CONVERSION = YES_AGGRESSIVE;
				CLANG_CXX_LANGUAGE_STANDARD = "gnu++14";
				CLANG_CXX_LIBRARY = "libc++";
				CLANG_ENABLE_MODULES = YES;
				CLANG_ENABLE_OBJC_ARC = YES;
				CLANG_ENABLE_OBJC_WEAK = YES;
				CLANG_WARN_BLOCK_CAPTURE_AUTORELEASING = YES;
				CLANG_WARN_BOOL_CONVERSION = YES;
				CLANG_WARN_COMMA = YES;
				CLANG_WARN_CONSTANT_CONVERSION = YES;
				CLANG_WARN_DEPRECATED_OBJC_IMPLEMENTATIONS = YES;
				CLANG_WARN_DIRECT_OBJC_ISA_USAGE = YES_ERROR;
				CLANG_WARN_DOCUMENTATION_COMMENTS = YES;
				CLANG_WARN_EMPTY_BODY = YES;
				CLANG_WARN_ENUM_CONVERSION = YES;
				CLANG_WARN_INFINITE_RECURSION = YES;
				CLANG_WARN_INT_CONVERSION = YES;
				CLANG_WARN_NON_LITERAL_NULL_CONVERSION = YES;
				CLANG_WARN_OBJC_IMPLICIT_RETAIN_SELF = YES;
				CLANG_WARN_OBJC_LITERAL_CONVERSION = YES;
				CLANG_WARN_OBJC_ROOT_CLASS = YES_ERROR;
				CLANG_WARN_QUOTED_INCLUDE_IN_FRAMEWORK_HEADER = YES;
				CLANG_WARN_RANGE_LOOP_ANALYSIS = YES;
				CLANG_WARN_STRICT_PROTOTYPES = YES;
				CLANG_WARN_SUSPICIOUS_MOVE = YES;
				CLANG_WARN_UNGUARDED_AVAILABILITY = YES_AGGRESSIVE;
				CLANG_WARN_UNREACHABLE_CODE = YES;
				CLANG_WARN__DUPLICATE_METHOD_MATCH = YES;
				COPY_PHASE_STRIP = NO;
				DEBUG_INFORMATION_FORMAT = "dwarf-with-dsym";
				ENABLE_NS_ASSERTIONS = NO;
				ENABLE_STRICT_OBJC_MSGSEND = YES;
				GCC_C_LANGUAGE_STANDARD = gnu11;
				GCC_NO_COMMON_BLOCKS = YES;
				GCC_WARN_64_TO_32_BIT_CONVERSION = YES;
				GCC_WARN_ABOUT_RETURN_TYPE = YES_ERROR;
				GCC_WARN_UNDECLARED_SELECTOR = YES;
				GCC_WARN_UNINITIALIZED_AUTOS = YES_AGGRESSIVE;
				GCC_WARN_UNUSED_FUNCTION = YES;
				GCC_WARN_UNUSED_VARIABLE = YES;
				IPHONEOS_DEPLOYMENT_TARGET = 14.4;
				MTL_ENABLE_DEBUG_INFO = NO;
				MTL_FAST_MATH = YES;
				SDKROOT = iphoneos;
				SWIFT_COMPILATION_MODE = wholemodule;
				SWIFT_OPTIMIZATION_LEVEL = "-O";
				VALIDATE_PRODUCT = YES;
			};
			name = Release;
		};
		F81FEA4D25C3E68E00633479 /* Debug */ = {
			isa = XCBuildConfiguration;
			baseConfigurationReference = 3C86B8D7C2E4FEA023311BFD /* Pods-PagingKitTutorial.debug.xcconfig */;
			buildSettings = {
				ASSETCATALOG_COMPILER_APPICON_NAME = AppIcon;
				ASSETCATALOG_COMPILER_GLOBAL_ACCENT_COLOR_NAME = AccentColor;
				CODE_SIGN_STYLE = Automatic;
				DEVELOPMENT_TEAM = T8C9SSEX5G;
				INFOPLIST_FILE = PagingKitTutorial/Info.plist;
				LD_RUNPATH_SEARCH_PATHS = (
					"$(inherited)",
					"@executable_path/Frameworks",
				);
				PRODUCT_BUNDLE_IDENTIFIER = hyun99999.PagingKitTutorial;
				PRODUCT_NAME = "$(TARGET_NAME)";
				SWIFT_VERSION = 5.0;
				TARGETED_DEVICE_FAMILY = "1,2";
			};
			name = Debug;
		};
		F81FEA4E25C3E68E00633479 /* Release */ = {
			isa = XCBuildConfiguration;
			baseConfigurationReference = 5A283900387E3112DA910126 /* Pods-PagingKitTutorial.release.xcconfig */;
			buildSettings = {
				ASSETCATALOG_COMPILER_APPICON_NAME = AppIcon;
				ASSETCATALOG_COMPILER_GLOBAL_ACCENT_COLOR_NAME = AccentColor;
				CODE_SIGN_STYLE = Automatic;
				DEVELOPMENT_TEAM = T8C9SSEX5G;
				INFOPLIST_FILE = PagingKitTutorial/Info.plist;
				LD_RUNPATH_SEARCH_PATHS = (
					"$(inherited)",
					"@executable_path/Frameworks",
				);
				PRODUCT_BUNDLE_IDENTIFIER = hyun99999.PagingKitTutorial;
				PRODUCT_NAME = "$(TARGET_NAME)";
				SWIFT_VERSION = 5.0;
				TARGETED_DEVICE_FAMILY = "1,2";
			};
			name = Release;
		};
/* End XCBuildConfiguration section */

/* Begin XCConfigurationList section */
		F81FEA3325C3E68D00633479 /* Build configuration list for PBXProject "PagingKitTutorial" */ = {
			isa = XCConfigurationList;
			buildConfigurations = (
				F81FEA4A25C3E68E00633479 /* Debug */,
				F81FEA4B25C3E68E00633479 /* Release */,
			);
			defaultConfigurationIsVisible = 0;
			defaultConfigurationName = Release;
		};
		F81FEA4C25C3E68E00633479 /* Build configuration list for PBXNativeTarget "PagingKitTutorial" */ = {
			isa = XCConfigurationList;
			buildConfigurations = (
				F81FEA4D25C3E68E00633479 /* Debug */,
				F81FEA4E25C3E68E00633479 /* Release */,
			);
			defaultConfigurationIsVisible = 0;
			defaultConfigurationName = Release;
		};
/* End XCConfigurationList section */
	};
	rootObject = F81FEA3025C3E68D00633479 /* Project object */;
}
